
Microsoft Visual Studio Solution File, Format Version 12.00
# Visual Studio Version 16
VisualStudioVersion = 16.0.30406.217
MinimumVisualStudioVersion = 10.0.40219.1
Project("{2150E333-8FDC-42A3-9474-1A3956D46DE8}") = "Api", "Api", "{DDA0A649-EC4B-4C06-810C-D8AB01A017AE}"
EndProject
Project("{2150E333-8FDC-42A3-9474-1A3956D46DE8}") = "Clients", "Clients", "{3978A31E-1A81-443A-8545-4762C54FBB4B}"
EndProject
Project("{2150E333-8FDC-42A3-9474-1A3956D46DE8}") = "Framework", "Framework", "{CD36A3DD-FCBC-4D9E-8FE0-DB8CDEE0BD59}"
EndProject
Project("{FAE04EC0-301F-11D3-BF4B-00C04F79EFBC}") = "Msp.App", "msp.App\Msp.App.csproj", "{318C5465-8326-4DB0-BE0A-A4D5A6442D1A}"
	ProjectSection(ProjectDependencies) = postProject
		{D593F66F-BA5B-46AC-BD8A-988A9108816E} = {D593F66F-BA5B-46AC-BD8A-988A9108816E}
		{C5D3FE87-7F84-4C33-BFD6-3A3B789F1C09} = {C5D3FE87-7F84-4C33-BFD6-3A3B789F1C09}
	EndProjectSection
EndProject
Project("{FAE04EC0-301F-11D3-BF4B-00C04F79EFBC}") = "Msp.DataAccess", "src\framework\Msp.DataAccess\Msp.DataAccess.csproj", "{D593F66F-BA5B-46AC-BD8A-988A9108816E}"
EndProject
Project("{FAE04EC0-301F-11D3-BF4B-00C04F79EFBC}") = "Msp.Models", "src\framework\Msp.Models\Msp.Models.csproj", "{76986572-478B-449E-8642-484912C72375}"
EndProject
Project("{FAE04EC0-301F-11D3-BF4B-00C04F79EFBC}") = "Msp.Entity", "src\framework\Msp.Entity\Msp.Entity.csproj", "{C5D3FE87-7F84-4C33-BFD6-3A3B789F1C09}"
EndProject
Project("{FAE04EC0-301F-11D3-BF4B-00C04F79EFBC}") = "Msp.Service", "src\framework\Msp.Service\Msp.Service.csproj", "{C24E92E1-F855-4319-9916-5D050462745C}"
EndProject
Project("{FAE04EC0-301F-11D3-BF4B-00C04F79EFBC}") = "Msp.Infrastructure", "src\framework\Msp.Infrastructure\Msp.Infrastructure.csproj", "{B9C80F3F-9556-4138-9A6C-BF8B372DDE90}"
EndProject
Project("{2150E333-8FDC-42A3-9474-1A3956D46DE8}") = "Test", "Test", "{BB423C64-C1B9-4040-9ECD-8F73937C7B39}"
EndProject
Project("{2150E333-8FDC-42A3-9474-1A3956D46DE8}") = "Moduls", "Moduls", "{141F8460-BB09-4943-9604-82BF077C5DE6}"
EndProject
Project("{FAE04EC0-301F-11D3-BF4B-00C04F79EFBC}") = "Msp.Test", "src\Test\Msp.Test\Msp.Test.csproj", "{D83BF793-CE08-40BA-827B-74B16BD19D56}"
EndProject
Project("{9A19103F-16F7-4668-BE54-9A1E7A4F7556}") = "Msp.API", "Msp.API\Msp.API.csproj", "{44669BEF-AC82-4B64-8D21-EE479E414A9E}"
EndProject
Project("{FAE04EC0-301F-11D3-BF4B-00C04F79EFBC}") = "MSP.FireBase.Admin", "src\framework\MSP.FireBase.Admin\MSP.FireBase.Admin.csproj", "{910D9DB8-E353-40E1-869F-17B021D3FF56}"
EndProject
Project("{FAE04EC0-301F-11D3-BF4B-00C04F79EFBC}") = "MSP.MongoDB.Admin", "src\framework\MSP.MongoDB.Admin\MSP.MongoDB.Admin.csproj", "{F1B0B1A0-61B7-491D-A8C2-4ECD353711A7}"
EndProject
Project("{FAE04EC0-301F-11D3-BF4B-00C04F79EFBC}") = "Msp.EInvoice", "src\Modules\Msp.EInvoice\Msp.EInvoice.csproj", "{1BD8A1DA-B505-4974-AC84-5E05B923D825}"
EndProject
Project("{2150E333-8FDC-42A3-9474-1A3956D46DE8}") = "Setup", "Setup", "{4C70C9B9-4853-48C6-8A68-98E29E646A94}"
EndProject
Project("{54435603-DBB4-11D2-8724-00A0C9A8B90C}") = "MSP.Setup", "src\Setup\MSP.Setup\MSP.Setup.vdproj", "{9B3307C5-D733-4B06-B089-09C3A5F1B7D5}"
EndProject
Global
	GlobalSection(SolutionConfigurationPlatforms) = preSolution
		Debug|Any CPU = Debug|Any CPU
		Release|Any CPU = Release|Any CPU
	EndGlobalSection
	GlobalSection(ProjectConfigurationPlatforms) = postSolution
		{318C5465-8326-4DB0-BE0A-A4D5A6442D1A}.Debug|Any CPU.ActiveCfg = Debug|Any CPU
		{318C5465-8326-4DB0-BE0A-A4D5A6442D1A}.Debug|Any CPU.Build.0 = Debug|Any CPU
		{318C5465-8326-4DB0-BE0A-A4D5A6442D1A}.Release|Any CPU.ActiveCfg = Release|Any CPU
		{318C5465-8326-4DB0-BE0A-A4D5A6442D1A}.Release|Any CPU.Build.0 = Release|Any CPU
		{D593F66F-BA5B-46AC-BD8A-988A9108816E}.Debug|Any CPU.ActiveCfg = Debug|Any CPU
		{D593F66F-BA5B-46AC-BD8A-988A9108816E}.Debug|Any CPU.Build.0 = Debug|Any CPU
		{D593F66F-BA5B-46AC-BD8A-988A9108816E}.Release|Any CPU.ActiveCfg = Release|Any CPU
		{D593F66F-BA5B-46AC-BD8A-988A9108816E}.Release|Any CPU.Build.0 = Release|Any CPU
		{76986572-478B-449E-8642-484912C72375}.Debug|Any CPU.ActiveCfg = Debug|Any CPU
		{76986572-478B-449E-8642-484912C72375}.Debug|Any CPU.Build.0 = Debug|Any CPU
		{76986572-478B-449E-8642-484912C72375}.Release|Any CPU.ActiveCfg = Release|Any CPU
		{76986572-478B-449E-8642-484912C72375}.Release|Any CPU.Build.0 = Release|Any CPU
		{C5D3FE87-7F84-4C33-BFD6-3A3B789F1C09}.Debug|Any CPU.ActiveCfg = Debug|Any CPU
		{C5D3FE87-7F84-4C33-BFD6-3A3B789F1C09}.Debug|Any CPU.Build.0 = Debug|Any CPU
		{C5D3FE87-7F84-4C33-BFD6-3A3B789F1C09}.Release|Any CPU.ActiveCfg = Release|Any CPU
		{C5D3FE87-7F84-4C33-BFD6-3A3B789F1C09}.Release|Any CPU.Build.0 = Release|Any CPU
		{C24E92E1-F855-4319-9916-5D050462745C}.Debug|Any CPU.ActiveCfg = Debug|Any CPU
		{C24E92E1-F855-4319-9916-5D050462745C}.Debug|Any CPU.Build.0 = Debug|Any CPU
		{C24E92E1-F855-4319-9916-5D050462745C}.Release|Any CPU.ActiveCfg = Release|Any CPU
		{C24E92E1-F855-4319-9916-5D050462745C}.Release|Any CPU.Build.0 = Release|Any CPU
		{B9C80F3F-9556-4138-9A6C-BF8B372DDE90}.Debug|Any CPU.ActiveCfg = Debug|Any CPU
		{B9C80F3F-9556-4138-9A6C-BF8B372DDE90}.Debug|Any CPU.Build.0 = Debug|Any CPU
		{B9C80F3F-9556-4138-9A6C-BF8B372DDE90}.Release|Any CPU.ActiveCfg = Release|Any CPU
		{B9C80F3F-9556-4138-9A6C-BF8B372DDE90}.Release|Any CPU.Build.0 = Release|Any CPU
		{D83BF793-CE08-40BA-827B-74B16BD19D56}.Debug|Any CPU.ActiveCfg = Debug|Any CPU
		{D83BF793-CE08-40BA-827B-74B16BD19D56}.Debug|Any CPU.Build.0 = Debug|Any CPU
		{D83BF793-CE08-40BA-827B-74B16BD19D56}.Release|Any CPU.ActiveCfg = Release|Any CPU
		{D83BF793-CE08-40BA-827B-74B16BD19D56}.Release|Any CPU.Build.0 = Release|Any CPU
		{44669BEF-AC82-4B64-8D21-EE479E414A9E}.Debug|Any CPU.ActiveCfg = Debug|Any CPU
		{44669BEF-AC82-4B64-8D21-EE479E414A9E}.Debug|Any CPU.Build.0 = Debug|Any CPU
		{44669BEF-AC82-4B64-8D21-EE479E414A9E}.Release|Any CPU.ActiveCfg = Release|Any CPU
		{44669BEF-AC82-4B64-8D21-EE479E414A9E}.Release|Any CPU.Build.0 = Release|Any CPU
		{910D9DB8-E353-40E1-869F-17B021D3FF56}.Debug|Any CPU.ActiveCfg = Debug|Any CPU
		{910D9DB8-E353-40E1-869F-17B021D3FF56}.Debug|Any CPU.Build.0 = Debug|Any CPU
		{910D9DB8-E353-40E1-869F-17B021D3FF56}.Release|Any CPU.ActiveCfg = Release|Any CPU
		{910D9DB8-E353-40E1-869F-17B021D3FF56}.Release|Any CPU.Build.0 = Release|Any CPU
		{F1B0B1A0-61B7-491D-A8C2-4ECD353711A7}.Debug|Any CPU.ActiveCfg = Debug|Any CPU
		{F1B0B1A0-61B7-491D-A8C2-4ECD353711A7}.Debug|Any CPU.Build.0 = Debug|Any CPU
		{F1B0B1A0-61B7-491D-A8C2-4ECD353711A7}.Release|Any CPU.ActiveCfg = Release|Any CPU
		{F1B0B1A0-61B7-491D-A8C2-4ECD353711A7}.Release|Any CPU.Build.0 = Release|Any CPU
		{1BD8A1DA-B505-4974-AC84-5E05B923D825}.Debug|Any CPU.ActiveCfg = Debug|Any CPU
		{1BD8A1DA-B505-4974-AC84-5E05B923D825}.Debug|Any CPU.Build.0 = Debug|Any CPU
		{1BD8A1DA-B505-4974-AC84-5E05B923D825}.Release|Any CPU.ActiveCfg = Release|Any CPU
		{1BD8A1DA-B505-4974-AC84-5E05B923D825}.Release|Any CPU.Build.0 = Release|Any CPU
		{9B3307C5-D733-4B06-B089-09C3A5F1B7D5}.Debug|Any CPU.ActiveCfg = Debug
		{9B3307C5-D733-4B06-B089-09C3A5F1B7D5}.Release|Any CPU.ActiveCfg = Release
	EndGlobalSection
	GlobalSection(SolutionProperties) = preSolution
		HideSolutionNode = FALSE
	EndGlobalSection
	GlobalSection(NestedProjects) = preSolution
		{318C5465-8326-4DB0-BE0A-A4D5A6442D1A} = {3978A31E-1A81-443A-8545-4762C54FBB4B}
		{D593F66F-BA5B-46AC-BD8A-988A9108816E} = {CD36A3DD-FCBC-4D9E-8FE0-DB8CDEE0BD59}
		{76986572-478B-449E-8642-484912C72375} = {CD36A3DD-FCBC-4D9E-8FE0-DB8CDEE0BD59}
		{C5D3FE87-7F84-4C33-BFD6-3A3B789F1C09} = {CD36A3DD-FCBC-4D9E-8FE0-DB8CDEE0BD59}
		{C24E92E1-F855-4319-9916-5D050462745C} = {CD36A3DD-FCBC-4D9E-8FE0-DB8CDEE0BD59}
		{B9C80F3F-9556-4138-9A6C-BF8B372DDE90} = {CD36A3DD-FCBC-4D9E-8FE0-DB8CDEE0BD59}
		{D83BF793-CE08-40BA-827B-74B16BD19D56} = {BB423C64-C1B9-4040-9ECD-8F73937C7B39}
		{44669BEF-AC82-4B64-8D21-EE479E414A9E} = {DDA0A649-EC4B-4C06-810C-D8AB01A017AE}
		{910D9DB8-E353-40E1-869F-17B021D3FF56} = {CD36A3DD-FCBC-4D9E-8FE0-DB8CDEE0BD59}
		{F1B0B1A0-61B7-491D-A8C2-4ECD353711A7} = {CD36A3DD-FCBC-4D9E-8FE0-DB8CDEE0BD59}
		{1BD8A1DA-B505-4974-AC84-5E05B923D825} = {141F8460-BB09-4943-9604-82BF077C5DE6}
		{9B3307C5-D733-4B06-B089-09C3A5F1B7D5} = {4C70C9B9-4853-48C6-8A68-98E29E646A94}
	EndGlobalSection
	GlobalSection(ExtensibilityGlobals) = postSolution
		SolutionGuid = {2BA19DA5-6EBC-45CC-8440-5167568437AA}
	EndGlobalSection
EndGlobal
